
Microsoft Visual Studio Solution File, Format Version 12.00
# Visual Studio Version 16
VisualStudioVersion = 16.0.32929.386
MinimumVisualStudioVersion = 10.0.40219.1
Project("{FAE04EC0-301F-11D3-BF4B-00C04F79EFBC}") = "WebApplication4", "WebApplication4.csproj", "{0E007D00-0FC4-4C90-9720-5E22A31A0457}"
EndProject
Global
	GlobalSection(SolutionConfigurationPlatforms) = preSolution
		Debug|Any CPU = Debug|Any CPU
		Release|Any CPU = Release|Any CPU
	EndGlobalSection
	GlobalSection(ProjectConfigurationPlatforms) = postSolution
		{0E007D00-0FC4-4C90-9720-5E22A31A0457}.Debug|Any CPU.ActiveCfg = Debug|Any CPU
		{0E007D00-0FC4-4C90-9720-5E22A31A0457}.Debug|Any CPU.Build.0 = Debug|Any CPU
		{0E007D00-0FC4-4C90-9720-5E22A31A0457}.Release|Any CPU.ActiveCfg = Release|Any CPU
		{0E007D00-0FC4-4C90-9720-5E22A31A0457}.Release|Any CPU.Build.0 = Release|Any CPU
	EndGlobalSection
	GlobalSection(SolutionProperties) = preSolution
		HideSolutionNode = FALSE
	EndGlobalSection
	GlobalSection(ExtensibilityGlobals) = postSolution
		SolutionGuid = {31D003EA-861C-4B1A-AD14-C94F605B61EC}
	EndGlobalSection
EndGlobal
